<?xml version="1.0" encoding="utf-8"?>
<Project ToolsVersion="4.0" xmlns="http://schemas.microsoft.com/developer/msbuild/2003">
  <ItemGroup>
    <Filter Include="Source Files">
      <UniqueIdentifier>E10EB0BB-594A-4BCA-7D62-44D2EEAD52EB</UniqueIdentifier>
      <Extensions>c;cc;cpp;def;odl;idl;hpj;bat;asm;asmx</Extensions>
    </Filter>
    <Filter Include="Header Files">
      <UniqueIdentifier>8BB95527-6822-FA60-BA0C-B2A5AE2325EC</UniqueIdentifier>
      <Extensions>h;hm;inl;inc;xsd</Extensions>
    </Filter>
    <Filter Include="Resource Files">
      <UniqueIdentifier>BD1B7C6A-7885-8F1F-9FED-C6F8F17BE2AF</UniqueIdentifier>
      <Extensions>rc;ico;cur;bmp;dlg;rc2;rct;bin;rgs;gif;jpg;jpeg;jpe;resx;tiff;tif;png;wav</Extensions>
    </Filter>
    <Filter Include="Build Files">
      <UniqueIdentifier>92B9C3C1-D631-9124-319F-F6B46B847462</UniqueIdentifier>
      <Extensions>mk</Extensions>
    </Filter>
  </ItemGroup>
  <ItemGroup>
    <ClCompile Include="..\vpx\src\vpx_decoder.c">
      <Filter>Source Files</Filter>
    </ClCompile>
    <ClCompile Include="..\vpx\src\vpx_encoder.c">
      <Filter>Source Files</Filter>
    </ClCompile>
    <ClCompile Include="..\vpx\src\vpx_codec.c">
      <Filter>Source Files</Filter>
    </ClCompile>
    <ClCompile Include="..\vpx\src\vpx_image.c">
      <Filter>Source Files</Filter>
    </ClCompile>
    <ClCompile Include="..\vpx\src\vpx_psnr.c">
      <Filter>Source Files</Filter>
    </ClCompile>
    <ClCompile Include="..\vpx_mem\vpx_mem.c">
      <Filter>Source Files</Filter>
    </ClCompile>
    <ClCompile Include="..\vpx_scale\generic\vpx_scale.c">
      <Filter>Source Files</Filter>
    </ClCompile>
    <ClCompile Include="..\vpx_scale\generic\yv12config.c">
      <Filter>Source Files</Filter>
    </ClCompile>
    <ClCompile Include="..\vpx_scale\generic\yv12extend.c">
      <Filter>Source Files</Filter>
    </ClCompile>
    <ClCompile Include="..\vpx_scale\generic\gen_scalers.c">
      <Filter>Source Files</Filter>
    </ClCompile>
    <ClCompile Include="..\vpx_scale\vpx_scale_rtcd.c">
      <Filter>Source Files</Filter>
    </ClCompile>
    <ClCompile Include="..\vpx_dsp\prob.c">
      <Filter>Source Files</Filter>
    </ClCompile>
    <ClCompile Include="..\vpx_dsp\bitwriter.c">
      <Filter>Source Files</Filter>
    </ClCompile>
    <ClCompile Include="..\vpx_dsp\bitwriter_buffer.c">
      <Filter>Source Files</Filter>
    </ClCompile>
    <ClCompile Include="..\vpx_dsp\bitreader.c">
      <Filter>Source Files</Filter>
    </ClCompile>
    <ClCompile Include="..\vpx_dsp\bitreader_buffer.c">
      <Filter>Source Files</Filter>
    </ClCompile>
    <ClCompile Include="..\vpx_dsp\intrapred.c">
      <Filter>Source Files</Filter>
    </ClCompile>
    <ClCompile Include="..\vpx_dsp\vpx_convolve.c">
      <Filter>Source Files</Filter>
    </ClCompile>
    <ClCompile Include="..\vpx_dsp\x86\vpx_asm_stubs.c">
      <Filter>Source Files</Filter>
    </ClCompile>
    <ClCompile Include="..\vpx_dsp\x86\vpx_subpixel_8t_intrin_ssse3.c">
      <Filter>Source Files</Filter>
    </ClCompile>
    <ClCompile Include="..\vpx_dsp\loopfilter.c">
      <Filter>Source Files</Filter>
    </ClCompile>
    <ClCompile Include="..\vpx_dsp\x86\loopfilter_sse2.c">
      <Filter>Source Files</Filter>
    </ClCompile>
    <ClCompile Include="..\vpx_dsp\fwd_txfm.c">
      <Filter>Source Files</Filter>
    </ClCompile>
    <ClCompile Include="..\vpx_dsp\x86\fwd_txfm_sse2.c">
      <Filter>Source Files</Filter>
    </ClCompile>
    <ClCompile Include="..\vpx_dsp\inv_txfm.c">
      <Filter>Source Files</Filter>
    </ClCompile>
    <ClCompile Include="..\vpx_dsp\x86\inv_txfm_sse2.c">
      <Filter>Source Files</Filter>
    </ClCompile>
    <ClCompile Include="..\vpx_dsp\quantize.c">
      <Filter>Source Files</Filter>
    </ClCompile>
    <ClCompile Include="..\vpx_dsp\x86\quantize_sse2.c">
      <Filter>Source Files</Filter>
    </ClCompile>
    <ClCompile Include="..\vpx_dsp\avg.c">
      <Filter>Source Files</Filter>
    </ClCompile>
    <ClCompile Include="..\vpx_dsp\x86\avg_intrin_sse2.c">
      <Filter>Source Files</Filter>
    </ClCompile>
    <ClCompile Include="..\vpx_dsp\sad.c">
      <Filter>Source Files</Filter>
    </ClCompile>
    <ClCompile Include="..\vpx_dsp\subtract.c">
      <Filter>Source Files</Filter>
    </ClCompile>
    <ClCompile Include="..\vpx_dsp\variance.c">
      <Filter>Source Files</Filter>
    </ClCompile>
    <ClCompile Include="..\vpx_dsp\x86\variance_mmx.c">
      <Filter>Source Files</Filter>
    </ClCompile>
    <ClCompile Include="..\vpx_dsp\x86\variance_sse2.c">
      <Filter>Source Files</Filter>
    </ClCompile>
    <ClCompile Include="..\vpx_dsp\x86\halfpix_variance_sse2.c">
      <Filter>Source Files</Filter>
    </ClCompile>
    <ClCompile Include="..\vpx_dsp\vpx_dsp_rtcd.c">
      <Filter>Source Files</Filter>
    </ClCompile>
    <ClCompile Include="..\vpx_util\vpx_thread.c">
      <Filter>Source Files</Filter>
    </ClCompile>
    <ClCompile Include="..\vp8\common\alloccommon.c">
      <Filter>Source Files</Filter>
    </ClCompile>
    <ClCompile Include="..\vp8\common\blockd.c">
      <Filter>Source Files</Filter>
    </ClCompile>
    <ClCompile Include="..\vp8\common\copy_c.c">
      <Filter>Source Files</Filter>
    </ClCompile>
    <ClCompile Include="..\vp8\common\debugmodes.c">
      <Filter>Source Files</Filter>
    </ClCompile>
    <ClCompile Include="..\vp8\common\dequantize.c">
      <Filter>Source Files</Filter>
    </ClCompile>
    <ClCompile Include="..\vp8\common\entropy.c">
      <Filter>Source Files</Filter>
    </ClCompile>
    <ClCompile Include="..\vp8\common\entropymode.c">
      <Filter>Source Files</Filter>
    </ClCompile>
    <ClCompile Include="..\vp8\common\entropymv.c">
      <Filter>Source Files</Filter>
    </ClCompile>
    <ClCompile Include="..\vp8\common\extend.c">
      <Filter>Source Files</Filter>
    </ClCompile>
    <ClCompile Include="..\vp8\common\filter.c">
      <Filter>Source Files</Filter>
    </ClCompile>
    <ClCompile Include="..\vp8\common\findnearmv.c">
      <Filter>Source Files</Filter>
    </ClCompile>
    <ClCompile Include="..\vp8\common\generic\systemdependent.c">
      <Filter>Source Files</Filter>
    </ClCompile>
    <ClCompile Include="..\vp8\common\idct_blk.c">
      <Filter>Source Files</Filter>
    </ClCompile>
    <ClCompile Include="..\vp8\common\idctllm.c">
      <Filter>Source Files</Filter>
    </ClCompile>
    <ClCompile Include="..\vp8\common\rtcd.c">
      <Filter>Source Files</Filter>
    </ClCompile>
    <ClCompile Include="..\vp8\common\vp8_loopfilter.c">
      <Filter>Source Files</Filter>
    </ClCompile>
    <ClCompile Include="..\vp8\common\loopfilter_filters.c">
      <Filter>Source Files</Filter>
    </ClCompile>
    <ClCompile Include="..\vp8\common\mbpitch.c">
      <Filter>Source Files</Filter>
    </ClCompile>
    <ClCompile Include="..\vp8\common\modecont.c">
      <Filter>Source Files</Filter>
    </ClCompile>
    <ClCompile Include="..\vp8\common\quant_common.c">
      <Filter>Source Files</Filter>
    </ClCompile>
    <ClCompile Include="..\vp8\common\reconinter.c">
      <Filter>Source Files</Filter>
    </ClCompile>
    <ClCompile Include="..\vp8\common\reconintra.c">
      <Filter>Source Files</Filter>
    </ClCompile>
    <ClCompile Include="..\vp8\common\reconintra4x4.c">
      <Filter>Source Files</Filter>
    </ClCompile>
    <ClCompile Include="..\vp8\common\setupintrarecon.c">
      <Filter>Source Files</Filter>
    </ClCompile>
    <ClCompile Include="..\vp8\common\swapyv12buffer.c">
      <Filter>Source Files</Filter>
    </ClCompile>
    <ClCompile Include="..\vp8\common\treecoder.c">
      <Filter>Source Files</Filter>
    </ClCompile>
    <ClCompile Include="..\vp8\common\x86\filter_x86.c">
      <Filter>Source Files</Filter>
    </ClCompile>
    <ClCompile Include="..\vp8\common\x86\vp8_asm_stubs.c">
      <Filter>Source Files</Filter>
    </ClCompile>
    <ClCompile Include="..\vp8\common\x86\loopfilter_x86.c">
      <Filter>Source Files</Filter>
    </ClCompile>
    <ClCompile Include="..\vp8\common\mfqe.c">
      <Filter>Source Files</Filter>
    </ClCompile>
    <ClCompile Include="..\vp8\common\postproc.c">
      <Filter>Source Files</Filter>
    </ClCompile>
    <ClCompile Include="..\vp8\common\x86\idct_blk_mmx.c">
      <Filter>Source Files</Filter>
    </ClCompile>
    <ClCompile Include="..\vp8\common\x86\idct_blk_sse2.c">
      <Filter>Source Files</Filter>
    </ClCompile>
    <ClCompile Include="..\vp8\vp8_cx_iface.c">
      <Filter>Source Files</Filter>
    </ClCompile>
    <ClCompile Include="..\vp8\encoder\bitstream.c">
      <Filter>Source Files</Filter>
    </ClCompile>
    <ClCompile Include="..\vp8\encoder\boolhuff.c">
      <Filter>Source Files</Filter>
    </ClCompile>
    <ClCompile Include="..\vp8\encoder\dct.c">
      <Filter>Source Files</Filter>
    </ClCompile>
    <ClCompile Include="..\vp8\encoder\encodeframe.c">
      <Filter>Source Files</Filter>
    </ClCompile>
    <ClCompile Include="..\vp8\encoder\encodeintra.c">
      <Filter>Source Files</Filter>
    </ClCompile>
    <ClCompile Include="..\vp8\encoder\encodemb.c">
      <Filter>Source Files</Filter>
    </ClCompile>
    <ClCompile Include="..\vp8\encoder\encodemv.c">
      <Filter>Source Files</Filter>
    </ClCompile>
    <ClCompile Include="..\vp8\encoder\ethreading.c">
      <Filter>Source Files</Filter>
    </ClCompile>
    <ClCompile Include="..\vp8\encoder\firstpass.c">
      <Filter>Source Files</Filter>
    </ClCompile>
    <ClCompile Include="..\vp8\encoder\denoising.c">
      <Filter>Source Files</Filter>
    </ClCompile>
    <ClCompile Include="..\vp8\encoder\lookahead.c">
      <Filter>Source Files</Filter>
    </ClCompile>
    <ClCompile Include="..\vp8\encoder\mcomp.c">
      <Filter>Source Files</Filter>
    </ClCompile>
    <ClCompile Include="..\vp8\encoder\modecosts.c">
      <Filter>Source Files</Filter>
    </ClCompile>
    <ClCompile Include="..\vp8\encoder\onyx_if.c">
      <Filter>Source Files</Filter>
    </ClCompile>
    <ClCompile Include="..\vp8\encoder\pickinter.c">
      <Filter>Source Files</Filter>
    </ClCompile>
    <ClCompile Include="..\vp8\encoder\picklpf.c">
      <Filter>Source Files</Filter>
    </ClCompile>
    <ClCompile Include="..\vp8\encoder\vp8_quantize.c">
      <Filter>Source Files</Filter>
    </ClCompile>
    <ClCompile Include="..\vp8\encoder\ratectrl.c">
      <Filter>Source Files</Filter>
    </ClCompile>
    <ClCompile Include="..\vp8\encoder\rdopt.c">
      <Filter>Source Files</Filter>
    </ClCompile>
    <ClCompile Include="..\vp8\encoder\segmentation.c">
      <Filter>Source Files</Filter>
    </ClCompile>
    <ClCompile Include="..\vp8\encoder\tokenize.c">
      <Filter>Source Files</Filter>
    </ClCompile>
    <ClCompile Include="..\vp8\encoder\treewriter.c">
      <Filter>Source Files</Filter>
    </ClCompile>
    <ClCompile Include="..\vp8\encoder\temporal_filter.c">
      <Filter>Source Files</Filter>
    </ClCompile>
    <ClCompile Include="..\vp8\encoder\x86\vp8_enc_stubs_mmx.c">
      <Filter>Source Files</Filter>
    </ClCompile>
    <ClCompile Include="..\vp8\encoder\x86\vp8_quantize_sse2.c">
      <Filter>Source Files</Filter>
    </ClCompile>
    <ClCompile Include="..\vp8\encoder\x86\quantize_ssse3.c">
      <Filter>Source Files</Filter>
    </ClCompile>
    <ClCompile Include="..\vp8\encoder\x86\quantize_sse4.c">
      <Filter>Source Files</Filter>
    </ClCompile>
    <ClCompile Include="..\vp8\encoder\x86\denoising_sse2.c">
      <Filter>Source Files</Filter>
    </ClCompile>
    <ClCompile Include="..\vp8\encoder\x86\vp8_enc_stubs_sse2.c">
      <Filter>Source Files</Filter>
    </ClCompile>
    <ClCompile Include="..\vp8\vp8_dx_iface.c">
      <Filter>Source Files</Filter>
    </ClCompile>
    <ClCompile Include="..\vp8\decoder\dboolhuff.c">
      <Filter>Source Files</Filter>
    </ClCompile>
    <ClCompile Include="..\vp8\decoder\decodemv.c">
      <Filter>Source Files</Filter>
    </ClCompile>
    <ClCompile Include="..\vp8\decoder\decodeframe.c">
      <Filter>Source Files</Filter>
    </ClCompile>
    <ClCompile Include="..\vp8\decoder\detokenize.c">
      <Filter>Source Files</Filter>
    </ClCompile>
    <ClCompile Include="..\vp8\decoder\onyxd_if.c">
      <Filter>Source Files</Filter>
    </ClCompile>
    <ClCompile Include="..\vp8\decoder\threading.c">
      <Filter>Source Files</Filter>
    </ClCompile>
    <ClCompile Include="..\vp9\common\vp9_alloccommon.c">
      <Filter>Source Files</Filter>
    </ClCompile>
    <ClCompile Include="..\vp9\common\vp9_blockd.c">
      <Filter>Source Files</Filter>
    </ClCompile>
    <ClCompile Include="..\vp9\common\vp9_debugmodes.c">
      <Filter>Source Files</Filter>
    </ClCompile>
    <ClCompile Include="..\vp9\common\vp9_entropy.c">
      <Filter>Source Files</Filter>
    </ClCompile>
    <ClCompile Include="..\vp9\common\vp9_entropymode.c">
      <Filter>Source Files</Filter>
    </ClCompile>
    <ClCompile Include="..\vp9\common\vp9_entropymv.c">
      <Filter>Source Files</Filter>
    </ClCompile>
    <ClCompile Include="..\vp9\common\vp9_frame_buffers.c">
      <Filter>Source Files</Filter>
    </ClCompile>
    <ClCompile Include="..\vp9\common\vp9_idct.c">
      <Filter>Source Files</Filter>
    </ClCompile>
    <ClCompile Include="..\vp9\common\vp9_filter.c">
      <Filter>Source Files</Filter>
    </ClCompile>
    <ClCompile Include="..\vp9\common\vp9_pred_common.c">
      <Filter>Source Files</Filter>
    </ClCompile>
    <ClCompile Include="..\vp9\common\vp9_rtcd.c">
      <Filter>Source Files</Filter>
    </ClCompile>
    <ClCompile Include="..\vp9\common\vp9_scale.c">
      <Filter>Source Files</Filter>
    </ClCompile>
    <ClCompile Include="..\vp9\common\vp9_seg_common.c">
      <Filter>Source Files</Filter>
    </ClCompile>
    <ClCompile Include="..\vp9\common\vp9_tile_common.c">
      <Filter>Source Files</Filter>
    </ClCompile>
    <ClCompile Include="..\vp9\common\vp9_loopfilter.c">
      <Filter>Source Files</Filter>
    </ClCompile>
    <ClCompile Include="..\vp9\common\vp9_thread_common.c">
      <Filter>Source Files</Filter>
    </ClCompile>
    <ClCompile Include="..\vp9\common\vp9_mvref_common.c">
      <Filter>Source Files</Filter>
    </ClCompile>
    <ClCompile Include="..\vp9\common\vp9_quant_common.c">
      <Filter>Source Files</Filter>
    </ClCompile>
    <ClCompile Include="..\vp9\common\vp9_reconinter.c">
      <Filter>Source Files</Filter>
    </ClCompile>
    <ClCompile Include="..\vp9\common\vp9_reconintra.c">
      <Filter>Source Files</Filter>
    </ClCompile>
    <ClCompile Include="..\vp9\common\vp9_common_data.c">
      <Filter>Source Files</Filter>
    </ClCompile>
    <ClCompile Include="..\vp9\common\vp9_scan.c">
      <Filter>Source Files</Filter>
    </ClCompile>
    <ClCompile Include="..\vp9\common\x86\vp9_idct_intrin_sse2.c">
      <Filter>Source Files</Filter>
    </ClCompile>
    <ClCompile Include="..\vp9\vp9_cx_iface.c">
      <Filter>Source Files</Filter>
    </ClCompile>
    <ClCompile Include="..\vp9\encoder\vp9_bitstream.c">
      <Filter>Source Files</Filter>
    </ClCompile>
    <ClCompile Include="..\vp9\encoder\vp9_context_tree.c">
      <Filter>Source Files</Filter>
    </ClCompile>
    <ClCompile Include="..\vp9\encoder\vp9_cost.c">
      <Filter>Source Files</Filter>
    </ClCompile>
    <ClCompile Include="..\vp9\encoder\vp9_dct.c">
      <Filter>Source Files</Filter>
    </ClCompile>
    <ClCompile Include="..\vp9\encoder\vp9_encodeframe.c">
      <Filter>Source Files</Filter>
    </ClCompile>
    <ClCompile Include="..\vp9\encoder\vp9_encodemb.c">
      <Filter>Source Files</Filter>
    </ClCompile>
    <ClCompile Include="..\vp9\encoder\vp9_encodemv.c">
      <Filter>Source Files</Filter>
    </ClCompile>
    <ClCompile Include="..\vp9\encoder\vp9_ethread.c">
      <Filter>Source Files</Filter>
    </ClCompile>
    <ClCompile Include="..\vp9\encoder\vp9_extend.c">
      <Filter>Source Files</Filter>
    </ClCompile>
    <ClCompile Include="..\vp9\encoder\vp9_firstpass.c">
      <Filter>Source Files</Filter>
    </ClCompile>
    <ClCompile Include="..\vp9\encoder\vp9_lookahead.c">
      <Filter>Source Files</Filter>
    </ClCompile>
    <ClCompile Include="..\vp9\encoder\vp9_mcomp.c">
      <Filter>Source Files</Filter>
    </ClCompile>
    <ClCompile Include="..\vp9\encoder\vp9_encoder.c">
      <Filter>Source Files</Filter>
    </ClCompile>
    <ClCompile Include="..\vp9\encoder\vp9_picklpf.c">
      <Filter>Source Files</Filter>
    </ClCompile>
    <ClCompile Include="..\vp9\encoder\vp9_quantize.c">
      <Filter>Source Files</Filter>
    </ClCompile>
    <ClCompile Include="..\vp9\encoder\vp9_ratectrl.c">
      <Filter>Source Files</Filter>
    </ClCompile>
    <ClCompile Include="..\vp9\encoder\vp9_rd.c">
      <Filter>Source Files</Filter>
    </ClCompile>
    <ClCompile Include="..\vp9\encoder\vp9_rdopt.c">
      <Filter>Source Files</Filter>
    </ClCompile>
    <ClCompile Include="..\vp9\encoder\vp9_pickmode.c">
      <Filter>Source Files</Filter>
    </ClCompile>
    <ClCompile Include="..\vp9\encoder\vp9_segmentation.c">
      <Filter>Source Files</Filter>
    </ClCompile>
    <ClCompile Include="..\vp9\encoder\vp9_speed_features.c">
      <Filter>Source Files</Filter>
    </ClCompile>
    <ClCompile Include="..\vp9\encoder\vp9_subexp.c">
      <Filter>Source Files</Filter>
    </ClCompile>
    <ClCompile Include="..\vp9\encoder\vp9_svc_layercontext.c">
      <Filter>Source Files</Filter>
    </ClCompile>
    <ClCompile Include="..\vp9\encoder\vp9_resize.c">
      <Filter>Source Files</Filter>
    </ClCompile>
    <ClCompile Include="..\vp9\encoder\vp9_tokenize.c">
      <Filter>Source Files</Filter>
    </ClCompile>
    <ClCompile Include="..\vp9\encoder\vp9_treewriter.c">
      <Filter>Source Files</Filter>
    </ClCompile>
    <ClCompile Include="..\vp9\encoder\vp9_aq_variance.c">
      <Filter>Source Files</Filter>
    </ClCompile>
    <ClCompile Include="..\vp9\encoder\vp9_aq_cyclicrefresh.c">
      <Filter>Source Files</Filter>
    </ClCompile>
    <ClCompile Include="..\vp9\encoder\vp9_aq_complexity.c">
      <Filter>Source Files</Filter>
    </ClCompile>
    <ClCompile Include="..\vp9\encoder\vp9_skin_detection.c">
      <Filter>Source Files</Filter>
    </ClCompile>
    <ClCompile Include="..\vp9\encoder\vp9_noise_estimate.c">
      <Filter>Source Files</Filter>
    </ClCompile>
    <ClCompile Include="..\vp9\encoder\vp9_temporal_filter.c">
      <Filter>Source Files</Filter>
    </ClCompile>
    <ClCompile Include="..\vp9\encoder\vp9_mbgraph.c">
      <Filter>Source Files</Filter>
    </ClCompile>
    <ClCompile Include="..\vp9\encoder\x86\vp9_quantize_sse2.c">
      <Filter>Source Files</Filter>
    </ClCompile>
    <ClCompile Include="..\vp9\encoder\x86\vp9_dct_sse2.c">
      <Filter>Source Files</Filter>
    </ClCompile>
    <ClCompile Include="..\vp9\encoder\x86\vp9_dct_ssse3.c">
      <Filter>Source Files</Filter>
    </ClCompile>
    <ClCompile Include="..\vp9\vp9_dx_iface.c">
      <Filter>Source Files</Filter>
    </ClCompile>
    <ClCompile Include="..\vp9\decoder\vp9_decodemv.c">
      <Filter>Source Files</Filter>
    </ClCompile>
    <ClCompile Include="..\vp9\decoder\vp9_decodeframe.c">
      <Filter>Source Files</Filter>
    </ClCompile>
    <ClCompile Include="..\vp9\decoder\vp9_detokenize.c">
      <Filter>Source Files</Filter>
    </ClCompile>
    <ClCompile Include="..\vp9\decoder\vp9_dthread.c">
      <Filter>Source Files</Filter>
    </ClCompile>
    <ClCompile Include="..\vp9\decoder\vp9_decoder.c">
      <Filter>Source Files</Filter>
    </ClCompile>
    <ClCompile Include="..\vp9\decoder\vp9_dsubexp.c">
      <Filter>Source Files</Filter>
    </ClCompile>
    <ClCompile Include="vpx_config.c">
      <Filter>Source Files</Filter>
    </ClCompile>
  </ItemGroup>
  <ItemGroup>
    <None Include="vpx.def">
      <Filter>Source Files</Filter>
    </None>
    <None Include="..\libs.mk">
      <Filter>Build Files</Filter>
    </None>
    <None Include="..\vpx\vpx_codec.mk">
      <Filter>Build Files</Filter>
    </None>
    <None Include="..\vpx_mem\vpx_mem.mk">
      <Filter>Build Files</Filter>
    </None>
    <None Include="..\vpx_scale\vpx_scale.mk">
      <Filter>Build Files</Filter>
    </None>
    <None Include="..\vpx_ports\vpx_ports.mk">
      <Filter>Build Files</Filter>
    </None>
    <None Include="..\vpx_dsp\vpx_dsp.mk">
      <Filter>Build Files</Filter>
    </None>
    <None Include="..\vpx_util\vpx_util.mk">
      <Filter>Build Files</Filter>
    </None>
    <None Include="..\vp8\vp8_common.mk">
      <Filter>Build Files</Filter>
    </None>
    <None Include="..\vp8\vp8cx.mk">
      <Filter>Build Files</Filter>
    </None>
    <None Include="..\vp8\vp8dx.mk">
      <Filter>Build Files</Filter>
    </None>
    <None Include="..\vp9\vp9_common.mk">
      <Filter>Build Files</Filter>
    </None>
    <None Include="..\vp9\vp9cx.mk">
      <Filter>Build Files</Filter>
    </None>
    <None Include="..\vp9\vp9dx.mk">
      <Filter>Build Files</Filter>
    </None>
  </ItemGroup>
  <ItemGroup>
    <ClInclude Include="..\vpx\vp8.h">
      <Filter>Header Files</Filter>
    </ClInclude>
    <ClInclude Include="..\vpx\vp8cx.h">
      <Filter>Header Files</Filter>
    </ClInclude>
    <ClInclude Include="..\vpx\vp8dx.h">
      <Filter>Header Files</Filter>
    </ClInclude>
    <ClInclude Include="..\vpx\vpx_decoder.h">
      <Filter>Header Files</Filter>
    </ClInclude>
    <ClInclude Include="..\vpx\vpx_encoder.h">
      <Filter>Header Files</Filter>
    </ClInclude>
    <ClInclude Include="..\vpx\internal\vpx_codec_internal.h">
      <Filter>Header Files</Filter>
    </ClInclude>
    <ClInclude Include="..\vpx\internal\vpx_psnr.h">
      <Filter>Header Files</Filter>
    </ClInclude>
    <ClInclude Include="..\vpx\vpx_codec.h">
      <Filter>Header Files</Filter>
    </ClInclude>
    <ClInclude Include="..\vpx\vpx_frame_buffer.h">
      <Filter>Header Files</Filter>
    </ClInclude>
    <ClInclude Include="..\vpx\vpx_image.h">
      <Filter>Header Files</Filter>
    </ClInclude>
    <ClInclude Include="..\vpx\vpx_integer.h">
      <Filter>Header Files</Filter>
    </ClInclude>
    <ClInclude Include="..\vpx_mem\vpx_mem.h">
      <Filter>Header Files</Filter>
    </ClInclude>
    <ClInclude Include="..\vpx_mem\include\vpx_mem_intrnl.h">
      <Filter>Header Files</Filter>
    </ClInclude>
    <ClInclude Include="..\vpx_scale\yv12config.h">
      <Filter>Header Files</Filter>
    </ClInclude>
    <ClInclude Include="..\vpx_scale\vpx_scale.h">
      <Filter>Header Files</Filter>
    </ClInclude>
    <ClInclude Include="..\vpx_ports\bitops.h">
      <Filter>Header Files</Filter>
    </ClInclude>
    <ClInclude Include="..\vpx_ports\mem.h">
      <Filter>Header Files</Filter>
    </ClInclude>
    <ClInclude Include="..\vpx_ports\msvc.h">
      <Filter>Header Files</Filter>
    </ClInclude>
    <ClInclude Include="..\vpx_ports\system_state.h">
      <Filter>Header Files</Filter>
    </ClInclude>
    <ClInclude Include="..\vpx_ports\vpx_timer.h">
      <Filter>Header Files</Filter>
    </ClInclude>
    <ClInclude Include="..\vpx_ports\x86.h">
      <Filter>Header Files</Filter>
    </ClInclude>
    <ClInclude Include="..\vpx_dsp\vpx_dsp_common.h">
      <Filter>Header Files</Filter>
    </ClInclude>
    <ClInclude Include="..\vpx_dsp\prob.h">
      <Filter>Header Files</Filter>
    </ClInclude>
    <ClInclude Include="..\vpx_dsp\bitwriter.h">
      <Filter>Header Files</Filter>
    </ClInclude>
    <ClInclude Include="..\vpx_dsp\bitwriter_buffer.h">
      <Filter>Header Files</Filter>
    </ClInclude>
    <ClInclude Include="..\vpx_dsp\bitreader.h">
      <Filter>Header Files</Filter>
    </ClInclude>
    <ClInclude Include="..\vpx_dsp\bitreader_buffer.h">
      <Filter>Header Files</Filter>
    </ClInclude>
    <ClInclude Include="..\vpx_dsp\vpx_convolve.h">
      <Filter>Header Files</Filter>
    </ClInclude>
    <ClInclude Include="..\vpx_dsp\vpx_filter.h">
      <Filter>Header Files</Filter>
    </ClInclude>
    <ClInclude Include="..\vpx_dsp\x86\convolve.h">
      <Filter>Header Files</Filter>
    </ClInclude>
    <ClInclude Include="..\vpx_dsp\txfm_common.h">
      <Filter>Header Files</Filter>
    </ClInclude>
    <ClInclude Include="..\vpx_dsp\x86\txfm_common_sse2.h">
      <Filter>Header Files</Filter>
    </ClInclude>
    <ClInclude Include="..\vpx_dsp\fwd_txfm.h">
      <Filter>Header Files</Filter>
    </ClInclude>
    <ClInclude Include="..\vpx_dsp\x86\fwd_txfm_sse2.h">
      <Filter>Header Files</Filter>
    </ClInclude>
    <ClInclude Include="..\vpx_dsp\x86\fwd_txfm_impl_sse2.h">
      <Filter>Header Files</Filter>
    </ClInclude>
    <ClInclude Include="..\vpx_dsp\x86\fwd_dct32x32_impl_sse2.h">
      <Filter>Header Files</Filter>
    </ClInclude>
    <ClInclude Include="..\vpx_dsp\inv_txfm.h">
      <Filter>Header Files</Filter>
    </ClInclude>
    <ClInclude Include="..\vpx_dsp\x86\inv_txfm_sse2.h">
      <Filter>Header Files</Filter>
    </ClInclude>
    <ClInclude Include="..\vpx_dsp\quantize.h">
      <Filter>Header Files</Filter>
    </ClInclude>
    <ClInclude Include="..\vpx_dsp\variance.h">
      <Filter>Header Files</Filter>
    </ClInclude>
    <ClInclude Include="..\vpx_util\vpx_thread.h">
      <Filter>Header Files</Filter>
    </ClInclude>
    <ClInclude Include="..\vpx_util\endian_inl.h">
      <Filter>Header Files</Filter>
    </ClInclude>
    <ClInclude Include="..\vp8\common\ppflags.h">
      <Filter>Header Files</Filter>
    </ClInclude>
    <ClInclude Include="..\vp8\common\onyx.h">
      <Filter>Header Files</Filter>
    </ClInclude>
    <ClInclude Include="..\vp8\common\onyxd.h">
      <Filter>Header Files</Filter>
    </ClInclude>
    <ClInclude Include="..\vp8\common\coefupdateprobs.h">
      <Filter>Header Files</Filter>
    </ClInclude>
    <ClInclude Include="..\vp8\common\default_coef_probs.h">
      <Filter>Header Files</Filter>
    </ClInclude>
    <ClInclude Include="..\vp8\common\filter.h">
      <Filter>Header Files</Filter>
    </ClInclude>
    <ClInclude Include="..\vp8\common\alloccommon.h">
      <Filter>Header Files</Filter>
    </ClInclude>
    <ClInclude Include="..\vp8\common\blockd.h">
      <Filter>Header Files</Filter>
    </ClInclude>
    <ClInclude Include="..\vp8\common\common.h">
      <Filter>Header Files</Filter>
    </ClInclude>
    <ClInclude Include="..\vp8\common\entropy.h">
      <Filter>Header Files</Filter>
    </ClInclude>
    <ClInclude Include="..\vp8\common\entropymode.h">
      <Filter>Header Files</Filter>
    </ClInclude>
    <ClInclude Include="..\vp8\common\entropymv.h">
      <Filter>Header Files</Filter>
    </ClInclude>
    <ClInclude Include="..\vp8\common\extend.h">
      <Filter>Header Files</Filter>
    </ClInclude>
    <ClInclude Include="..\vp8\common\findnearmv.h">
      <Filter>Header Files</Filter>
    </ClInclude>
    <ClInclude Include="..\vp8\common\header.h">
      <Filter>Header Files</Filter>
    </ClInclude>
    <ClInclude Include="..\vp8\common\invtrans.h">
      <Filter>Header Files</Filter>
    </ClInclude>
    <ClInclude Include="..\vp8\common\loopfilter.h">
      <Filter>Header Files</Filter>
    </ClInclude>
    <ClInclude Include="..\vp8\common\modecont.h">
      <Filter>Header Files</Filter>
    </ClInclude>
    <ClInclude Include="..\vp8\common\mv.h">
      <Filter>Header Files</Filter>
    </ClInclude>
    <ClInclude Include="..\vp8\common\onyxc_int.h">
      <Filter>Header Files</Filter>
    </ClInclude>
    <ClInclude Include="..\vp8\common\quant_common.h">
      <Filter>Header Files</Filter>
    </ClInclude>
    <ClInclude Include="..\vp8\common\reconinter.h">
      <Filter>Header Files</Filter>
    </ClInclude>
    <ClInclude Include="..\vp8\common\reconintra.h">
      <Filter>Header Files</Filter>
    </ClInclude>
    <ClInclude Include="..\vp8\common\reconintra4x4.h">
      <Filter>Header Files</Filter>
    </ClInclude>
    <ClInclude Include="..\vp8\common\setupintrarecon.h">
      <Filter>Header Files</Filter>
    </ClInclude>
    <ClInclude Include="..\vp8\common\swapyv12buffer.h">
      <Filter>Header Files</Filter>
    </ClInclude>
    <ClInclude Include="..\vp8\common\systemdependent.h">
      <Filter>Header Files</Filter>
    </ClInclude>
    <ClInclude Include="..\vp8\common\threading.h">
      <Filter>Header Files</Filter>
    </ClInclude>
    <ClInclude Include="..\vp8\common\treecoder.h">
      <Filter>Header Files</Filter>
    </ClInclude>
    <ClInclude Include="..\vp8\common\vp8_entropymodedata.h">
      <Filter>Header Files</Filter>
    </ClInclude>
    <ClInclude Include="..\vp8\common\x86\filter_x86.h">
      <Filter>Header Files</Filter>
    </ClInclude>
    <ClInclude Include="..\vp8\common\postproc.h">
      <Filter>Header Files</Filter>
    </ClInclude>
    <ClInclude Include="..\vp8\encoder\defaultcoefcounts.h">
      <Filter>Header Files</Filter>
    </ClInclude>
    <ClInclude Include="..\vp8\encoder\encodeframe.h">
      <Filter>Header Files</Filter>
    </ClInclude>
    <ClInclude Include="..\vp8\encoder\block.h">
      <Filter>Header Files</Filter>
    </ClInclude>
    <ClInclude Include="..\vp8\encoder\boolhuff.h">
      <Filter>Header Files</Filter>
    </ClInclude>
    <ClInclude Include="..\vp8\encoder\bitstream.h">
      <Filter>Header Files</Filter>
    </ClInclude>
    <ClInclude Include="..\vp8\encoder\denoising.h">
      <Filter>Header Files</Filter>
    </ClInclude>
    <ClInclude Include="..\vp8\encoder\encodeintra.h">
      <Filter>Header Files</Filter>
    </ClInclude>
    <ClInclude Include="..\vp8\encoder\encodemb.h">
      <Filter>Header Files</Filter>
    </ClInclude>
    <ClInclude Include="..\vp8\encoder\encodemv.h">
      <Filter>Header Files</Filter>
    </ClInclude>
    <ClInclude Include="..\vp8\encoder\firstpass.h">
      <Filter>Header Files</Filter>
    </ClInclude>
    <ClInclude Include="..\vp8\encoder\lookahead.h">
      <Filter>Header Files</Filter>
    </ClInclude>
    <ClInclude Include="..\vp8\encoder\mcomp.h">
      <Filter>Header Files</Filter>
    </ClInclude>
    <ClInclude Include="..\vp8\encoder\modecosts.h">
      <Filter>Header Files</Filter>
    </ClInclude>
    <ClInclude Include="..\vp8\encoder\onyx_int.h">
      <Filter>Header Files</Filter>
    </ClInclude>
    <ClInclude Include="..\vp8\encoder\pickinter.h">
      <Filter>Header Files</Filter>
    </ClInclude>
    <ClInclude Include="..\vp8\encoder\quantize.h">
      <Filter>Header Files</Filter>
    </ClInclude>
    <ClInclude Include="..\vp8\encoder\ratectrl.h">
      <Filter>Header Files</Filter>
    </ClInclude>
    <ClInclude Include="..\vp8\encoder\rdopt.h">
      <Filter>Header Files</Filter>
    </ClInclude>
    <ClInclude Include="..\vp8\encoder\tokenize.h">
      <Filter>Header Files</Filter>
    </ClInclude>
    <ClInclude Include="..\vp8\encoder\treewriter.h">
      <Filter>Header Files</Filter>
    </ClInclude>
    <ClInclude Include="..\vp8\encoder\segmentation.h">
      <Filter>Header Files</Filter>
    </ClInclude>
    <ClInclude Include="..\vp8\encoder\dct_value_cost.h">
      <Filter>Header Files</Filter>
    </ClInclude>
    <ClInclude Include="..\vp8\encoder\dct_value_tokens.h">
      <Filter>Header Files</Filter>
    </ClInclude>
    <ClInclude Include="..\vp8\decoder\dboolhuff.h">
      <Filter>Header Files</Filter>
    </ClInclude>
    <ClInclude Include="..\vp8\decoder\decodemv.h">
      <Filter>Header Files</Filter>
    </ClInclude>
    <ClInclude Include="..\vp8\decoder\decoderthreading.h">
      <Filter>Header Files</Filter>
    </ClInclude>
    <ClInclude Include="..\vp8\decoder\detokenize.h">
      <Filter>Header Files</Filter>
    </ClInclude>
    <ClInclude Include="..\vp8\decoder\onyxd_int.h">
      <Filter>Header Files</Filter>
    </ClInclude>
    <ClInclude Include="..\vp8\decoder\treereader.h">
      <Filter>Header Files</Filter>
    </ClInclude>
    <ClInclude Include="..\vp9\vp9_iface_common.h">
      <Filter>Header Files</Filter>
    </ClInclude>
    <ClInclude Include="..\vp9\common\vp9_ppflags.h">
      <Filter>Header Files</Filter>
    </ClInclude>
    <ClInclude Include="..\vp9\common\vp9_frame_buffers.h">
      <Filter>Header Files</Filter>
    </ClInclude>
    <ClInclude Include="..\vp9\common\vp9_alloccommon.h">
      <Filter>Header Files</Filter>
    </ClInclude>
    <ClInclude Include="..\vp9\common\vp9_blockd.h">
      <Filter>Header Files</Filter>
    </ClInclude>
    <ClInclude Include="..\vp9\common\vp9_common.h">
      <Filter>Header Files</Filter>
    </ClInclude>
    <ClInclude Include="..\vp9\common\vp9_entropy.h">
      <Filter>Header Files</Filter>
    </ClInclude>
    <ClInclude Include="..\vp9\common\vp9_entropymode.h">
      <Filter>Header Files</Filter>
    </ClInclude>
    <ClInclude Include="..\vp9\common\vp9_entropymv.h">
      <Filter>Header Files</Filter>
    </ClInclude>
    <ClInclude Include="..\vp9\common\vp9_enums.h">
      <Filter>Header Files</Filter>
    </ClInclude>
    <ClInclude Include="..\vp9\common\vp9_filter.h">
      <Filter>Header Files</Filter>
    </ClInclude>
    <ClInclude Include="..\vp9\common\vp9_idct.h">
      <Filter>Header Files</Filter>
    </ClInclude>
    <ClInclude Include="..\vp9\common\vp9_loopfilter.h">
      <Filter>Header Files</Filter>
    </ClInclude>
    <ClInclude Include="..\vp9\common\vp9_thread_common.h">
      <Filter>Header Files</Filter>
    </ClInclude>
    <ClInclude Include="..\vp9\common\vp9_mv.h">
      <Filter>Header Files</Filter>
    </ClInclude>
    <ClInclude Include="..\vp9\common\vp9_onyxc_int.h">
      <Filter>Header Files</Filter>
    </ClInclude>
    <ClInclude Include="..\vp9\common\vp9_pred_common.h">
      <Filter>Header Files</Filter>
    </ClInclude>
    <ClInclude Include="..\vp9\common\vp9_quant_common.h">
      <Filter>Header Files</Filter>
    </ClInclude>
    <ClInclude Include="..\vp9\common\vp9_reconinter.h">
      <Filter>Header Files</Filter>
    </ClInclude>
    <ClInclude Include="..\vp9\common\vp9_reconintra.h">
      <Filter>Header Files</Filter>
    </ClInclude>
    <ClInclude Include="..\vp9\common\vp9_scale.h">
      <Filter>Header Files</Filter>
    </ClInclude>
    <ClInclude Include="..\vp9\common\vp9_seg_common.h">
      <Filter>Header Files</Filter>
    </ClInclude>
    <ClInclude Include="..\vp9\common\vp9_textblit.h">
      <Filter>Header Files</Filter>
    </ClInclude>
    <ClInclude Include="..\vp9\common\vp9_tile_common.h">
      <Filter>Header Files</Filter>
    </ClInclude>
    <ClInclude Include="..\vp9\common\vp9_mvref_common.h">
      <Filter>Header Files</Filter>
    </ClInclude>
    <ClInclude Include="..\vp9\common\vp9_common_data.h">
      <Filter>Header Files</Filter>
    </ClInclude>
    <ClInclude Include="..\vp9\common\vp9_scan.h">
      <Filter>Header Files</Filter>
    </ClInclude>
    <ClInclude Include="..\vp9\encoder\vp9_context_tree.h">
      <Filter>Header Files</Filter>
    </ClInclude>
    <ClInclude Include="..\vp9\encoder\vp9_cost.h">
      <Filter>Header Files</Filter>
    </ClInclude>
    <ClInclude Include="..\vp9\encoder\vp9_encodeframe.h">
      <Filter>Header Files</Filter>
    </ClInclude>
    <ClInclude Include="..\vp9\encoder\vp9_ethread.h">
      <Filter>Header Files</Filter>
    </ClInclude>
    <ClInclude Include="..\vp9\encoder\vp9_block.h">
      <Filter>Header Files</Filter>
    </ClInclude>
    <ClInclude Include="..\vp9\encoder\vp9_bitstream.h">
      <Filter>Header Files</Filter>
    </ClInclude>
    <ClInclude Include="..\vp9\encoder\vp9_encodemb.h">
      <Filter>Header Files</Filter>
    </ClInclude>
    <ClInclude Include="..\vp9\encoder\vp9_encodemv.h">
      <Filter>Header Files</Filter>
    </ClInclude>
    <ClInclude Include="..\vp9\encoder\vp9_extend.h">
      <Filter>Header Files</Filter>
    </ClInclude>
    <ClInclude Include="..\vp9\encoder\vp9_firstpass.h">
      <Filter>Header Files</Filter>
    </ClInclude>
    <ClInclude Include="..\vp9\encoder\vp9_lookahead.h">
      <Filter>Header Files</Filter>
    </ClInclude>
    <ClInclude Include="..\vp9\encoder\vp9_mcomp.h">
      <Filter>Header Files</Filter>
    </ClInclude>
    <ClInclude Include="..\vp9\encoder\vp9_encoder.h">
      <Filter>Header Files</Filter>
    </ClInclude>
    <ClInclude Include="..\vp9\encoder\vp9_quantize.h">
      <Filter>Header Files</Filter>
    </ClInclude>
    <ClInclude Include="..\vp9\encoder\vp9_ratectrl.h">
      <Filter>Header Files</Filter>
    </ClInclude>
    <ClInclude Include="..\vp9\encoder\vp9_rd.h">
      <Filter>Header Files</Filter>
    </ClInclude>
    <ClInclude Include="..\vp9\encoder\vp9_rdopt.h">
      <Filter>Header Files</Filter>
    </ClInclude>
    <ClInclude Include="..\vp9\encoder\vp9_pickmode.h">
      <Filter>Header Files</Filter>
    </ClInclude>
    <ClInclude Include="..\vp9\encoder\vp9_svc_layercontext.h">
      <Filter>Header Files</Filter>
    </ClInclude>
    <ClInclude Include="..\vp9\encoder\vp9_tokenize.h">
      <Filter>Header Files</Filter>
    </ClInclude>
    <ClInclude Include="..\vp9\encoder\vp9_treewriter.h">
      <Filter>Header Files</Filter>
    </ClInclude>
    <ClInclude Include="..\vp9\encoder\vp9_picklpf.h">
      <Filter>Header Files</Filter>
    </ClInclude>
    <ClInclude Include="..\vp9\encoder\vp9_segmentation.h">
      <Filter>Header Files</Filter>
    </ClInclude>
    <ClInclude Include="..\vp9\encoder\vp9_speed_features.h">
      <Filter>Header Files</Filter>
    </ClInclude>
    <ClInclude Include="..\vp9\encoder\vp9_subexp.h">
      <Filter>Header Files</Filter>
    </ClInclude>
    <ClInclude Include="..\vp9\encoder\vp9_resize.h">
      <Filter>Header Files</Filter>
    </ClInclude>
    <ClInclude Include="..\vp9\encoder\vp9_aq_variance.h">
      <Filter>Header Files</Filter>
    </ClInclude>
    <ClInclude Include="..\vp9\encoder\vp9_aq_cyclicrefresh.h">
      <Filter>Header Files</Filter>
    </ClInclude>
    <ClInclude Include="..\vp9\encoder\vp9_aq_complexity.h">
      <Filter>Header Files</Filter>
    </ClInclude>
    <ClInclude Include="..\vp9\encoder\vp9_skin_detection.h">
      <Filter>Header Files</Filter>
    </ClInclude>
    <ClInclude Include="..\vp9\encoder\vp9_noise_estimate.h">
      <Filter>Header Files</Filter>
    </ClInclude>
    <ClInclude Include="..\vp9\encoder\vp9_temporal_filter.h">
      <Filter>Header Files</Filter>
    </ClInclude>
    <ClInclude Include="..\vp9\encoder\vp9_mbgraph.h">
      <Filter>Header Files</Filter>
    </ClInclude>
    <ClInclude Include="..\vp9\vp9_dx_iface.h">
      <Filter>Header Files</Filter>
    </ClInclude>
    <ClInclude Include="..\vp9\decoder\vp9_decodeframe.h">
      <Filter>Header Files</Filter>
    </ClInclude>
    <ClInclude Include="..\vp9\decoder\vp9_decodemv.h">
      <Filter>Header Files</Filter>
    </ClInclude>
    <ClInclude Include="..\vp9\decoder\vp9_detokenize.h">
      <Filter>Header Files</Filter>
    </ClInclude>
    <ClInclude Include="..\vp9\decoder\vp9_dthread.h">
      <Filter>Header Files</Filter>
    </ClInclude>
    <ClInclude Include="..\vp9\decoder\vp9_decoder.h">
      <Filter>Header Files</Filter>
    </ClInclude>
    <ClInclude Include="..\vp9\decoder\vp9_dsubexp.h">
      <Filter>Header Files</Filter>
    </ClInclude>
    <ClInclude Include="..\vpx_ports\emmintrin_compat.h">
      <Filter>Header Files</Filter>
    </ClInclude>
    <ClInclude Include="..\vpx_ports\mem_ops.h">
      <Filter>Header Files</Filter>
    </ClInclude>
    <ClInclude Include="..\vpx_ports\mem_ops_aligned.h">
      <Filter>Header Files</Filter>
    </ClInclude>
    <ClInclude Include="..\vpx_ports\vpx_once.h">
      <Filter>Header Files</Filter>
    </ClInclude>
    <ClInclude Include="vpx_scale_rtcd.h">
      <Filter>Header Files</Filter>
    </ClInclude>
    <ClInclude Include="vpx_dsp_rtcd.h">
      <Filter>Header Files</Filter>
    </ClInclude>
    <ClInclude Include="vp8_rtcd.h">
      <Filter>Header Files</Filter>
    </ClInclude>
    <ClInclude Include="vp9_rtcd.h">
      <Filter>Header Files</Filter>
    </ClInclude>
  </ItemGroup>
  <ItemGroup>
    <CustomBuild Include="..\vpx_ports\emms.asm">
      <Filter>Source Files</Filter>
    </CustomBuild>
    <CustomBuild Include="..\vpx_dsp\x86\intrapred_sse2.asm">
      <Filter>Source Files</Filter>
    </CustomBuild>
    <CustomBuild Include="..\vpx_dsp\x86\intrapred_ssse3.asm">
      <Filter>Source Files</Filter>
    </CustomBuild>
    <CustomBuild Include="..\vpx_dsp\x86\vpx_subpixel_8t_ssse3.asm">
      <Filter>Source Files</Filter>
    </CustomBuild>
    <CustomBuild Include="..\vpx_dsp\x86\vpx_subpixel_8t_sse2.asm">
      <Filter>Source Files</Filter>
    </CustomBuild>
    <CustomBuild Include="..\vpx_dsp\x86\vpx_subpixel_bilinear_sse2.asm">
      <Filter>Source Files</Filter>
    </CustomBuild>
    <CustomBuild Include="..\vpx_dsp\x86\vpx_subpixel_bilinear_ssse3.asm">
      <Filter>Source Files</Filter>
    </CustomBuild>
    <CustomBuild Include="..\vpx_dsp\x86\vpx_convolve_copy_sse2.asm">
      <Filter>Source Files</Filter>
    </CustomBuild>
    <CustomBuild Include="..\vpx_dsp\x86\loopfilter_mmx.asm">
      <Filter>Source Files</Filter>
    </CustomBuild>
    <CustomBuild Include="..\vpx_dsp\x86\inv_wht_sse2.asm">
      <Filter>Source Files</Filter>
    </CustomBuild>
    <CustomBuild Include="..\vpx_dsp\x86\sad_mmx.asm">
      <Filter>Source Files</Filter>
    </CustomBuild>
    <CustomBuild Include="..\vpx_dsp\x86\sad_sse3.asm">
      <Filter>Source Files</Filter>
    </CustomBuild>
    <CustomBuild Include="..\vpx_dsp\x86\sad_ssse3.asm">
      <Filter>Source Files</Filter>
    </CustomBuild>
    <CustomBuild Include="..\vpx_dsp\x86\sad_sse4.asm">
      <Filter>Source Files</Filter>
    </CustomBuild>
    <CustomBuild Include="..\vpx_dsp\x86\sad4d_sse2.asm">
      <Filter>Source Files</Filter>
    </CustomBuild>
    <CustomBuild Include="..\vpx_dsp\x86\sad_sse2.asm">
      <Filter>Source Files</Filter>
    </CustomBuild>
    <CustomBuild Include="..\vpx_dsp\x86\subtract_sse2.asm">
      <Filter>Source Files</Filter>
    </CustomBuild>
    <CustomBuild Include="..\vpx_dsp\x86\variance_impl_mmx.asm">
      <Filter>Source Files</Filter>
    </CustomBuild>
    <CustomBuild Include="..\vpx_dsp\x86\halfpix_variance_impl_sse2.asm">
      <Filter>Source Files</Filter>
    </CustomBuild>
    <CustomBuild Include="..\vpx_dsp\x86\subpel_variance_sse2.asm">
      <Filter>Source Files</Filter>
    </CustomBuild>
    <CustomBuild Include="..\vp8\common\x86\dequantize_mmx.asm">
      <Filter>Source Files</Filter>
    </CustomBuild>
    <CustomBuild Include="..\vp8\common\x86\idctllm_mmx.asm">
      <Filter>Source Files</Filter>
    </CustomBuild>
    <CustomBuild Include="..\vp8\common\x86\iwalsh_mmx.asm">
      <Filter>Source Files</Filter>
    </CustomBuild>
    <CustomBuild Include="..\vp8\common\x86\vp8_loopfilter_mmx.asm">
      <Filter>Source Files</Filter>
    </CustomBuild>
    <CustomBuild Include="..\vp8\common\x86\recon_mmx.asm">
      <Filter>Source Files</Filter>
    </CustomBuild>
    <CustomBuild Include="..\vp8\common\x86\subpixel_mmx.asm">
      <Filter>Source Files</Filter>
    </CustomBuild>
    <CustomBuild Include="..\vp8\common\x86\copy_sse2.asm">
      <Filter>Source Files</Filter>
    </CustomBuild>
    <CustomBuild Include="..\vp8\common\x86\idctllm_sse2.asm">
      <Filter>Source Files</Filter>
    </CustomBuild>
    <CustomBuild Include="..\vp8\common\x86\recon_sse2.asm">
      <Filter>Source Files</Filter>
    </CustomBuild>
    <CustomBuild Include="..\vp8\common\x86\subpixel_sse2.asm">
      <Filter>Source Files</Filter>
    </CustomBuild>
    <CustomBuild Include="..\vp8\common\x86\loopfilter_sse2.asm">
      <Filter>Source Files</Filter>
    </CustomBuild>
    <CustomBuild Include="..\vp8\common\x86\iwalsh_sse2.asm">
      <Filter>Source Files</Filter>
    </CustomBuild>
    <CustomBuild Include="..\vp8\common\x86\copy_sse3.asm">
      <Filter>Source Files</Filter>
    </CustomBuild>
    <CustomBuild Include="..\vp8\common\x86\subpixel_ssse3.asm">
      <Filter>Source Files</Filter>
    </CustomBuild>
    <CustomBuild Include="..\vp8\common\x86\postproc_mmx.asm">
      <Filter>Source Files</Filter>
    </CustomBuild>
    <CustomBuild Include="..\vp8\common\x86\mfqe_sse2.asm">
      <Filter>Source Files</Filter>
    </CustomBuild>
    <CustomBuild Include="..\vp8\common\x86\postproc_sse2.asm">
      <Filter>Source Files</Filter>
    </CustomBuild>
    <CustomBuild Include="..\vp8\encoder\x86\dct_mmx.asm">
      <Filter>Source Files</Filter>
    </CustomBuild>
    <CustomBuild Include="..\vp8\encoder\x86\dct_sse2.asm">
      <Filter>Source Files</Filter>
    </CustomBuild>
    <CustomBuild Include="..\vp8\encoder\x86\fwalsh_sse2.asm">
      <Filter>Source Files</Filter>
    </CustomBuild>
    <CustomBuild Include="..\vp8\encoder\x86\temporal_filter_apply_sse2.asm">
      <Filter>Source Files</Filter>
    </CustomBuild>
    <CustomBuild Include="..\vp8\encoder\x86\quantize_mmx.asm">
      <Filter>Source Files</Filter>
    </CustomBuild>
    <CustomBuild Include="..\vp8\encoder\x86\encodeopt.asm">
      <Filter>Source Files</Filter>
    </CustomBuild>
    <CustomBuild Include="..\vp9\encoder\x86\vp9_temporal_filter_apply_sse2.asm">
      <Filter>Source Files</Filter>
    </CustomBuild>
    <CustomBuild Include="..\vp9\encoder\x86\vp9_dct_mmx.asm">
      <Filter>Source Files</Filter>
    </CustomBuild>
    <CustomBuild Include="..\vp9\encoder\x86\vp9_error_sse2.asm">
      <Filter>Source Files</Filter>
    </CustomBuild>
  </ItemGroup>
</Project>